
Microsoft Visual Studio Solution File, Format Version 12.00
# Visual Studio 15
VisualStudioVersion = 15.0.27428.2043
MinimumVisualStudioVersion = 10.0.40219.1
Project("{FAE04EC0-301F-11D3-BF4B-00C04F79EFBC}") = "TestAndroid", "TestAndroid\TestAndroid.csproj", "{52D6319D-D0C7-4C2E-8982-5CD187A0245F}"
EndProject
Global
	GlobalSection(SolutionConfigurationPlatforms) = preSolution
		Debug|Any CPU = Debug|Any CPU
		Release|Any CPU = Release|Any CPU
	EndGlobalSection
	GlobalSection(ProjectConfigurationPlatforms) = postSolution
		{52D6319D-D0C7-4C2E-8982-5CD187A0245F}.Debug|Any CPU.ActiveCfg = Debug|Any CPU
		{52D6319D-D0C7-4C2E-8982-5CD187A0245F}.Debug|Any CPU.Build.0 = Debug|Any CPU
		{52D6319D-D0C7-4C2E-8982-5CD187A0245F}.Debug|Any CPU.Deploy.0 = Debug|Any CPU
		{52D6319D-D0C7-4C2E-8982-5CD187A0245F}.Release|Any CPU.ActiveCfg = Release|Any CPU
		{52D6319D-D0C7-4C2E-8982-5CD187A0245F}.Release|Any CPU.Build.0 = Release|Any CPU
		{52D6319D-D0C7-4C2E-8982-5CD187A0245F}.Release|Any CPU.Deploy.0 = Release|Any CPU
	EndGlobalSection
	GlobalSection(SolutionProperties) = preSolution
		HideSolutionNode = FALSE
	EndGlobalSection
	GlobalSection(ExtensibilityGlobals) = postSolution
		SolutionGuid = {C0A1CDE4-4FAC-44BC-BC0E-756B3706A6EB}
	EndGlobalSection
EndGlobal
